
Microsoft Visual Studio Solution File, Format Version 12.00
# Visual Studio 15
VisualStudioVersion = 15.0.28010.2036
MinimumVisualStudioVersion = 10.0.40219.1
Project("{8BC9CEB8-8B4A-11D0-8D11-00A0C91BC942}") = "MergeAndBubble", "MergeAndBubble\MergeAndBubble.vcxproj", "{890D3C4C-A6A4-4CBB-AB41-BEA1302E0C00}"
EndProject
Global
	GlobalSection(SolutionConfigurationPlatforms) = preSolution
		Debug|x64 = Debug|x64
		Debug|x86 = Debug|x86
		Release|x64 = Release|x64
		Release|x86 = Release|x86
	EndGlobalSection
	GlobalSection(ProjectConfigurationPlatforms) = postSolution
		{890D3C4C-A6A4-4CBB-AB41-BEA1302E0C00}.Debug|x64.ActiveCfg = Debug|x64
		{890D3C4C-A6A4-4CBB-AB41-BEA1302E0C00}.Debug|x64.Build.0 = Debug|x64
		{890D3C4C-A6A4-4CBB-AB41-BEA1302E0C00}.Debug|x86.ActiveCfg = Debug|Win32
		{890D3C4C-A6A4-4CBB-AB41-BEA1302E0C00}.Debug|x86.Build.0 = Debug|Win32
		{890D3C4C-A6A4-4CBB-AB41-BEA1302E0C00}.Release|x64.ActiveCfg = Release|x64
		{890D3C4C-A6A4-4CBB-AB41-BEA1302E0C00}.Release|x64.Build.0 = Release|x64
		{890D3C4C-A6A4-4CBB-AB41-BEA1302E0C00}.Release|x86.ActiveCfg = Release|Win32
		{890D3C4C-A6A4-4CBB-AB41-BEA1302E0C00}.Release|x86.Build.0 = Release|Win32
	EndGlobalSection
	GlobalSection(SolutionProperties) = preSolution
		HideSolutionNode = FALSE
	EndGlobalSection
	GlobalSection(ExtensibilityGlobals) = postSolution
		SolutionGuid = {B2AE554A-C94A-429B-987A-28EFDFCDD11F}
	EndGlobalSection
EndGlobal
